<?xml version="1.0" encoding="utf-8"?>
<Project ToolsVersion="4.0" xmlns="http://schemas.microsoft.com/developer/msbuild/2003">
  <ItemGroup>
    <Filter Include="Source Files">
      <UniqueIdentifier>{4FC737F1-C7A5-4376-A066-2A32D752A2FF}</UniqueIdentifier>
      <Extensions>cpp;c;cc;cxx;def;odl;idl;hpj;bat;asm;asmx</Extensions>
    </Filter>
    <Filter Include="Header Files">
      <UniqueIdentifier>{93995380-89BD-4b04-88EB-625FBE52EBFB}</UniqueIdentifier>
      <Extensions>h;hh;hpp;hxx;hm;inl;inc;xsd</Extensions>
    </Filter>
    <Filter Include="Resource Files">
      <UniqueIdentifier>{67DA6AB6-F800-4c08-8B7A-83BB121AAD01}</UniqueIdentifier>
      <Extensions>rc;ico;cur;bmp;dlg;rc2;rct;bin;rgs;gif;jpg;jpeg;jpe;resx;tiff;tif;png;wav;mfcribbon-ms</Extensions>
    </Filter>
  </ItemGroup>
  <ItemGroup>
    <Text Include="ReadMe.txt" />
  </ItemGroup>
  <ItemGroup>
    <ClInclude Include="MiniPPT3.h">
      <Filter>Header Files</Filter>
    </ClInclude>
    <ClInclude Include="stdafx.h">
      <Filter>Header Files</Filter>
    </ClInclude>
    <ClInclude Include="targetver.h">
      <Filter>Header Files</Filter>
    </ClInclude>
    <ClInclude Include="MainFrm.h">
      <Filter>Header Files</Filter>
    </ClInclude>
    <ClInclude Include="MiniPPT3Doc.h">
      <Filter>Header Files</Filter>
    </ClInclude>
    <ClInclude Include="MiniPPT3View.h">
      <Filter>Header Files</Filter>
    </ClInclude>
    <ClInclude Include="Resource.h">
      <Filter>Header Files</Filter>
    </ClInclude>
    <ClInclude Include="PPTView.h">
      <Filter>Header Files</Filter>
    </ClInclude>
    <ClInclude Include="ChatView.h">
      <Filter>Header Files</Filter>
    </ClInclude>
    <ClInclude Include="LogView.h">
      <Filter>Header Files</Filter>
    </ClInclude>
    <ClInclude Include="ChatForm.h">
      <Filter>Header Files</Filter>
    </ClInclude>
    <ClInclude Include="LogForm.h">
      <Filter>Header Files</Filter>
    </ClInclude>
    <ClInclude Include="PPTHeader.h">
      <Filter>Header Files</Filter>
    </ClInclude>
    <ClInclude Include="ConnectSocket.h">
      <Filter>Header Files</Filter>
    </ClInclude>
    <ClInclude Include="MyShape.h">
      <Filter>Header Files</Filter>
    </ClInclude>
    <ClInclude Include="MyRect.h">
      <Filter>Header Files</Filter>
    </ClInclude>
    <ClInclude Include="MyTri.h">
      <Filter>Header Files</Filter>
    </ClInclude>
    <ClInclude Include="MyPie.h">
      <Filter>Header Files</Filter>
    </ClInclude>
    <ClInclude Include="MyLine.h">
      <Filter>Header Files</Filter>
    </ClInclude>
  </ItemGroup>
  <ItemGroup>
    <ClCompile Include="MiniPPT3.cpp">
      <Filter>Source Files</Filter>
    </ClCompile>
    <ClCompile Include="stdafx.cpp">
      <Filter>Source Files</Filter>
    </ClCompile>
    <ClCompile Include="MainFrm.cpp">
      <Filter>Source Files</Filter>
    </ClCompile>
    <ClCompile Include="MiniPPT3Doc.cpp">
      <Filter>Source Files</Filter>
    </ClCompile>
    <ClCompile Include="MiniPPT3View.cpp">
      <Filter>Source Files</Filter>
    </ClCompile>
    <ClCompile Include="PPTView.cpp">
      <Filter>Source Files</Filter>
    </ClCompile>
    <ClCompile Include="ChatView.cpp">
      <Filter>Source Files</Filter>
    </ClCompile>
    <ClCompile Include="LogView.cpp">
      <Filter>Source Files</Filter>
    </ClCompile>
    <ClCompile Include="ChatForm.cpp">
      <Filter>Source Files</Filter>
    </ClCompile>
    <ClCompile Include="LogForm.cpp">
      <Filter>Source Files</Filter>
    </ClCompile>
    <ClCompile Include="ConnectSocket.cpp">
      <Filter>Source Files</Filter>
    </ClCompile>
    <ClCompile Include="MyShape.cpp">
      <Filter>Source Files</Filter>
    </ClCompile>
    <ClCompile Include="MyRect.cpp">
      <Filter>Source Files</Filter>
    </ClCompile>
    <ClCompile Include="MyTri.cpp">
      <Filter>Source Files</Filter>
    </ClCompile>
    <ClCompile Include="MyPie.cpp">
      <Filter>Source Files</Filter>
    </ClCompile>
    <ClCompile Include="MyLine.cpp">
      <Filter>Source Files</Filter>
    </ClCompile>
  </ItemGroup>
  <ItemGroup>
    <ResourceCompile Include="MiniPPT3.rc">
      <Filter>Resource Files</Filter>
    </ResourceCompile>
  </ItemGroup>
  <ItemGroup>
    <None Include="res\MiniPPT3.rc2">
      <Filter>Resource Files</Filter>
    </None>
  </ItemGroup>
  <ItemGroup>
    <Image Include="res\MiniPPT3Doc.ico">
      <Filter>Resource Files</Filter>
    </Image>
    <Image Include="res\MiniPPT3.ico">
      <Filter>Resource Files</Filter>
    </Image>
    <Image Include="res\Toolbar.bmp">
      <Filter>Resource Files</Filter>
    </Image>
  </ItemGroup>
</Project>